
Microsoft Visual Studio Solution File, Format Version 12.00
# Visual Studio Version 17
VisualStudioVersion = 17.3.32929.385
MinimumVisualStudioVersion = 10.0.40219.1
Project("{FAE04EC0-301F-11D3-BF4B-00C04F79EFBC}") = "WormsPinball", "WormsPinball\WormsPinball.csproj", "{BE73BD15-88EE-49AC-9BC9-BCBFA71A470C}"
EndProject
Global
	GlobalSection(SolutionConfigurationPlatforms) = preSolution
		Debug|x86 = Debug|x86
		Release|x86 = Release|x86
	EndGlobalSection
	GlobalSection(ProjectConfigurationPlatforms) = postSolution
		{BE73BD15-88EE-49AC-9BC9-BCBFA71A470C}.Debug|x86.ActiveCfg = Debug|x86
		{BE73BD15-88EE-49AC-9BC9-BCBFA71A470C}.Debug|x86.Build.0 = Debug|x86
		{BE73BD15-88EE-49AC-9BC9-BCBFA71A470C}.Release|x86.ActiveCfg = Release|x86
		{BE73BD15-88EE-49AC-9BC9-BCBFA71A470C}.Release|x86.Build.0 = Release|x86
	EndGlobalSection
	GlobalSection(SolutionProperties) = preSolution
		HideSolutionNode = FALSE
	EndGlobalSection
	GlobalSection(ExtensibilityGlobals) = postSolution
		SolutionGuid = {B26F76A6-0011-439A-BFC1-79A79545279F}
	EndGlobalSection
EndGlobal
